<?xml version="1.0" encoding="utf-8"?>
<Project ToolsVersion="4.0" xmlns="http://schemas.microsoft.com/developer/msbuild/2003">
  <ItemGroup>
    <Filter Include="Source Files">
      <UniqueIdentifier>{4FC737F1-C7A5-4376-A066-2A32D752A2FF}</UniqueIdentifier>
      <Extensions>cpp;c;cc;cxx;def;odl;idl;hpj;bat;asm;asmx</Extensions>
    </Filter>
    <Filter Include="Header Files">
      <UniqueIdentifier>{93995380-89BD-4b04-88EB-625FBE52EBFB}</UniqueIdentifier>
      <Extensions>h;hpp;hxx;hm;inl;inc;xsd</Extensions>
    </Filter>
    <Filter Include="Resource Files">
      <UniqueIdentifier>{67DA6AB6-F800-4c08-8B7A-83BB121AAD01}</UniqueIdentifier>
      <Extensions>rc;ico;cur;bmp;dlg;rc2;rct;bin;rgs;gif;jpg;jpeg;jpe;resx;tiff;tif;png;wav;mfcribbon-ms</Extensions>
    </Filter>
  </ItemGroup>
  <ItemGroup>
    <None Include="ReadMe.txt" />
  </ItemGroup>
  <ItemGroup>
    <ClCompile Include="CtrlButtonEx.cpp">
      <Filter>Source Files</Filter>
    </ClCompile>
    <ClCompile Include="CtrlEdit.cpp">
      <Filter>Source Files</Filter>
    </ClCompile>
    <ClCompile Include="CtrlImage.cpp">
      <Filter>Source Files</Filter>
    </ClCompile>
    <ClCompile Include="CtrlImageEx.cpp">
      <Filter>Source Files</Filter>
    </ClCompile>
    <ClCompile Include="CtrlList.cpp">
      <Filter>Source Files</Filter>
    </ClCompile>
    <ClCompile Include="CtrlListCell.cpp">
      <Filter>Source Files</Filter>
    </ClCompile>
    <ClCompile Include="CtrlStatic.cpp">
      <Filter>Source Files</Filter>
    </ClCompile>
    <ClCompile Include="DialogBase.cpp">
      <Filter>Source Files</Filter>
    </ClCompile>
    <ClCompile Include="DialogImpl.cpp">
      <Filter>Source Files</Filter>
    </ClCompile>
    <ClCompile Include="MyDialog.cpp">
      <Filter>Source Files</Filter>
    </ClCompile>
    <ClCompile Include="MyWndObject.cpp">
      <Filter>Source Files</Filter>
    </ClCompile>
    <ClCompile Include="CtrlProgress.cpp">
      <Filter>Source Files</Filter>
    </ClCompile>
    <ClCompile Include="UIManager.cpp">
      <Filter>Source Files</Filter>
    </ClCompile>
    <ClCompile Include="CtrlButton9.cpp">
      <Filter>Source Files</Filter>
    </ClCompile>
    <ClCompile Include="CtrlCheckBox.cpp">
      <Filter>Source Files</Filter>
    </ClCompile>
    <ClCompile Include="CtrlSlider.cpp">
      <Filter>Source Files</Filter>
    </ClCompile>
    <ClCompile Include="CtrlPage.cpp">
      <Filter>Source Files</Filter>
    </ClCompile>
    <ClCompile Include="CtrlStaticEx.cpp">
      <Filter>Source Files</Filter>
    </ClCompile>
    <ClCompile Include="AppWnd.cpp">
      <Filter>Source Files</Filter>
    </ClCompile>
    <ClCompile Include="CtrlBMFontStatic.cpp">
      <Filter>Source Files</Filter>
    </ClCompile>
  </ItemGroup>
  <ItemGroup>
    <ClInclude Include="CtrlButtonEx.h">
      <Filter>Header Files</Filter>
    </ClInclude>
    <ClInclude Include="CtrlEdit.h">
      <Filter>Header Files</Filter>
    </ClInclude>
    <ClInclude Include="CtrlImage.h">
      <Filter>Header Files</Filter>
    </ClInclude>
    <ClInclude Include="CtrlImageEx.h">
      <Filter>Header Files</Filter>
    </ClInclude>
    <ClInclude Include="CtrlList.h">
      <Filter>Header Files</Filter>
    </ClInclude>
    <ClInclude Include="CtrlListCell.h">
      <Filter>Header Files</Filter>
    </ClInclude>
    <ClInclude Include="CtrlStatic.h">
      <Filter>Header Files</Filter>
    </ClInclude>
    <ClInclude Include="DialogBase.h">
      <Filter>Header Files</Filter>
    </ClInclude>
    <ClInclude Include="DialogImpl.h">
      <Filter>Header Files</Filter>
    </ClInclude>
    <ClInclude Include="MyDialog.h">
      <Filter>Header Files</Filter>
    </ClInclude>
    <ClInclude Include="MyGlobal.h">
      <Filter>Header Files</Filter>
    </ClInclude>
    <ClInclude Include="MyWndObject.h">
      <Filter>Header Files</Filter>
    </ClInclude>
    <ClInclude Include="CtrlProgress.h">
      <Filter>Header Files</Filter>
    </ClInclude>
    <ClInclude Include="CtrlButton9.h">
      <Filter>Header Files</Filter>
    </ClInclude>
    <ClInclude Include="CtrlCheckBox.h">
      <Filter>Header Files</Filter>
    </ClInclude>
    <ClInclude Include="UIManager.h">
      <Filter>Header Files</Filter>
    </ClInclude>
    <ClInclude Include="CtrlSlider.h">
      <Filter>Header Files</Filter>
    </ClInclude>
    <ClInclude Include="CtrlPage.h">
      <Filter>Header Files</Filter>
    </ClInclude>
    <ClInclude Include="CtrlStaticEx.h">
      <Filter>Header Files</Filter>
    </ClInclude>
    <ClInclude Include="AppWnd.h">
      <Filter>Header Files</Filter>
    </ClInclude>
    <ClInclude Include="CtrlBMFontStatic.h">
      <Filter>Header Files</Filter>
    </ClInclude>
    <ClInclude Include="UIFramework.h">
      <Filter>Header Files</Filter>
    </ClInclude>
  </ItemGroup>
</Project>